
Microsoft Visual Studio Solution File, Format Version 12.00
# Visual Studio Version 17
VisualStudioVersion = 17.10.34928.147
MinimumVisualStudioVersion = 10.0.40219.1
Project("{FAE04EC0-301F-11D3-BF4B-00C04F79EFBC}") = "ChessPlayers", "ChessPlayers.csproj", "{DC8248C1-4C75-4DD8-8667-9343DDC9B2FE}"
EndProject
Global
	GlobalSection(SolutionConfigurationPlatforms) = preSolution
		Debug|Any CPU = Debug|Any CPU
		Release|Any CPU = Release|Any CPU
	EndGlobalSection
	GlobalSection(ProjectConfigurationPlatforms) = postSolution
		{DC8248C1-4C75-4DD8-8667-9343DDC9B2FE}.Debug|Any CPU.ActiveCfg = Debug|Any CPU
		{DC8248C1-4C75-4DD8-8667-9343DDC9B2FE}.Debug|Any CPU.Build.0 = Debug|Any CPU
		{DC8248C1-4C75-4DD8-8667-9343DDC9B2FE}.Release|Any CPU.ActiveCfg = Release|Any CPU
		{DC8248C1-4C75-4DD8-8667-9343DDC9B2FE}.Release|Any CPU.Build.0 = Release|Any CPU
	EndGlobalSection
	GlobalSection(SolutionProperties) = preSolution
		HideSolutionNode = FALSE
	EndGlobalSection
	GlobalSection(ExtensibilityGlobals) = postSolution
		SolutionGuid = {EA99B19E-AB3B-4181-890E-9476339825A5}
	EndGlobalSection
EndGlobal
